// !$*UTF8*$!
{
	archiveVersion = 1;
	classes = {
	};
	objectVersion = 46;
	objects = {

/* Begin PBXBuildFile section */
		D8C3239C1CFCEF1F00F06858 /* AppDelegate.swift in Sources */ = {isa = PBXBuildFile; fileRef = D8C3239B1CFCEF1F00F06858 /* AppDelegate.swift */; };
		D8C3239E1CFCEF1F00F06858 /* ViewController.swift in Sources */ = {isa = PBXBuildFile; fileRef = D8C3239D1CFCEF1F00F06858 /* ViewController.swift */; };
		D8C323A11CFCEF1F00F06858 /* Main.storyboard in Resources */ = {isa = PBXBuildFile; fileRef = D8C3239F1CFCEF1F00F06858 /* Main.storyboard */; };
		D8C323A31CFCEF1F00F06858 /* Assets.xcassets in Resources */ = {isa = PBXBuildFile; fileRef = D8C323A21CFCEF1F00F06858 /* Assets.xcassets */; };
		D8C323A61CFCEF1F00F06858 /* LaunchScreen.storyboard in Resources */ = {isa = PBXBuildFile; fileRef = D8C323A41CFCEF1F00F06858 /* LaunchScreen.storyboard */; };
		D8C323B51CFCEF8400F06858 /* NotoSans-Bold.ttf in Resources */ = {isa = PBXBuildFile; fileRef = D8C323B11CFCEF8400F06858 /* NotoSans-Bold.ttf */; };
		D8C323B61CFCEF8400F06858 /* NotoSans-BoldItalic.ttf in Resources */ = {isa = PBXBuildFile; fileRef = D8C323B21CFCEF8400F06858 /* NotoSans-BoldItalic.ttf */; };
		D8C323B71CFCEF8400F06858 /* NotoSans-Italic.ttf in Resources */ = {isa = PBXBuildFile; fileRef = D8C323B31CFCEF8400F06858 /* NotoSans-Italic.ttf */; };
		D8C323B81CFCEF8400F06858 /* NotoSans-Regular.ttf in Resources */ = {isa = PBXBuildFile; fileRef = D8C323B41CFCEF8400F06858 /* NotoSans-Regular.ttf */; };
		D8C323BA1CFCF37900F06858 /* MaterialView.swift in Sources */ = {isa = PBXBuildFile; fileRef = D8C323B91CFCF37900F06858 /* MaterialView.swift */; };
		D8C323BD1CFCF41A00F06858 /* Constants.swift in Sources */ = {isa = PBXBuildFile; fileRef = D8C323BC1CFCF41A00F06858 /* Constants.swift */; };
		D8C323BF1CFCFAED00F06858 /* MaterialButton.swift in Sources */ = {isa = PBXBuildFile; fileRef = D8C323BE1CFCFAED00F06858 /* MaterialButton.swift */; };
		D8C323C11CFCFD4100F06858 /* MaterialTextField.swift in Sources */ = {isa = PBXBuildFile; fileRef = D8C323C01CFCFD4100F06858 /* MaterialTextField.swift */; };
/* End PBXBuildFile section */

/* Begin PBXFileReference section */
		D8C323981CFCEF1F00F06858 /* cuicosocialapp.app */ = {isa = PBXFileReference; explicitFileType = wrapper.application; includeInIndex = 0; path = cuicosocialapp.app; sourceTree = BUILT_PRODUCTS_DIR; };
		D8C3239B1CFCEF1F00F06858 /* AppDelegate.swift */ = {isa = PBXFileReference; lastKnownFileType = sourcecode.swift; path = AppDelegate.swift; sourceTree = "<group>"; };
		D8C3239D1CFCEF1F00F06858 /* ViewController.swift */ = {isa = PBXFileReference; lastKnownFileType = sourcecode.swift; path = ViewController.swift; sourceTree = "<group>"; };
		D8C323A01CFCEF1F00F06858 /* Base */ = {isa = PBXFileReference; lastKnownFileType = file.storyboard; name = Base; path = Base.lproj/Main.storyboard; sourceTree = "<group>"; };
		D8C323A21CFCEF1F00F06858 /* Assets.xcassets */ = {isa = PBXFileReference; lastKnownFileType = folder.assetcatalog; path = Assets.xcassets; sourceTree = "<group>"; };
		D8C323A51CFCEF1F00F06858 /* Base */ = {isa = PBXFileReference; lastKnownFileType = file.storyboard; name = Base; path = Base.lproj/LaunchScreen.storyboard; sourceTree = "<group>"; };
		D8C323A71CFCEF1F00F06858 /* Info.plist */ = {isa = PBXFileReference; lastKnownFileType = text.plist.xml; path = Info.plist; sourceTree = "<group>"; };
		D8C323B11CFCEF8400F06858 /* NotoSans-Bold.ttf */ = {isa = PBXFileReference; lastKnownFileType = file; path = "NotoSans-Bold.ttf"; sourceTree = "<group>"; };
		D8C323B21CFCEF8400F06858 /* NotoSans-BoldItalic.ttf */ = {isa = PBXFileReference; lastKnownFileType = file; path = "NotoSans-BoldItalic.ttf"; sourceTree = "<group>"; };
		D8C323B31CFCEF8400F06858 /* NotoSans-Italic.ttf */ = {isa = PBXFileReference; lastKnownFileType = file; path = "NotoSans-Italic.ttf"; sourceTree = "<group>"; };
		D8C323B41CFCEF8400F06858 /* NotoSans-Regular.ttf */ = {isa = PBXFileReference; lastKnownFileType = file; path = "NotoSans-Regular.ttf"; sourceTree = "<group>"; };
		D8C323B91CFCF37900F06858 /* MaterialView.swift */ = {isa = PBXFileReference; fileEncoding = 4; lastKnownFileType = sourcecode.swift; path = MaterialView.swift; sourceTree = "<group>"; };
		D8C323BC1CFCF41A00F06858 /* Constants.swift */ = {isa = PBXFileReference; fileEncoding = 4; lastKnownFileType = sourcecode.swift; path = Constants.swift; sourceTree = "<group>"; };
		D8C323BE1CFCFAED00F06858 /* MaterialButton.swift */ = {isa = PBXFileReference; fileEncoding = 4; lastKnownFileType = sourcecode.swift; path = MaterialButton.swift; sourceTree = "<group>"; };
		D8C323C01CFCFD4100F06858 /* MaterialTextField.swift */ = {isa = PBXFileReference; fileEncoding = 4; lastKnownFileType = sourcecode.swift; path = MaterialTextField.swift; sourceTree = "<group>"; };
/* End PBXFileReference section */

/* Begin PBXFrameworksBuildPhase section */
		D8C323951CFCEF1F00F06858 /* Frameworks */ = {
			isa = PBXFrameworksBuildPhase;
			buildActionMask = 2147483647;
			files = (
			);
			runOnlyForDeploymentPostprocessing = 0;
		};
/* End PBXFrameworksBuildPhase section */

/* Begin PBXGroup section */
		D8C3238F1CFCEF1F00F06858 = {
			isa = PBXGroup;
			children = (
				D8C3239A1CFCEF1F00F06858 /* cuicosocialapp */,
				D8C323991CFCEF1F00F06858 /* Products */,
			);
			sourceTree = "<group>";
		};
		D8C323991CFCEF1F00F06858 /* Products */ = {
			isa = PBXGroup;
			children = (
				D8C323981CFCEF1F00F06858 /* cuicosocialapp.app */,
			);
			name = Products;
			sourceTree = "<group>";
		};
		D8C3239A1CFCEF1F00F06858 /* cuicosocialapp */ = {
			isa = PBXGroup;
			children = (
				D8C323BB1CFCF40900F06858 /* Util */,
				D8C323B01CFCEF5200F06858 /* Resources */,
				D8C323AF1CFCEF4600F06858 /* View */,
				D8C323AE1CFCEF4500F06858 /* Model */,
				D8C323AD1CFCEF3E00F06858 /* Controller */,
				D8C3239B1CFCEF1F00F06858 /* AppDelegate.swift */,
				D8C3239D1CFCEF1F00F06858 /* ViewController.swift */,
				D8C3239F1CFCEF1F00F06858 /* Main.storyboard */,
				D8C323A21CFCEF1F00F06858 /* Assets.xcassets */,
				D8C323A41CFCEF1F00F06858 /* LaunchScreen.storyboard */,
				D8C323A71CFCEF1F00F06858 /* Info.plist */,
			);
			path = cuicosocialapp;
			sourceTree = "<group>";
		};
		D8C323AD1CFCEF3E00F06858 /* Controller */ = {
			isa = PBXGroup;
			children = (
			);
			name = Controller;
			sourceTree = "<group>";
		};
		D8C323AE1CFCEF4500F06858 /* Model */ = {
			isa = PBXGroup;
			children = (
			);
			name = Model;
			sourceTree = "<group>";
		};
		D8C323AF1CFCEF4600F06858 /* View */ = {
			isa = PBXGroup;
			children = (
				D8C323B91CFCF37900F06858 /* MaterialView.swift */,
				D8C323BE1CFCFAED00F06858 /* MaterialButton.swift */,
				D8C323C01CFCFD4100F06858 /* MaterialTextField.swift */,
			);
			name = View;
			sourceTree = "<group>";
		};
		D8C323B01CFCEF5200F06858 /* Resources */ = {
			isa = PBXGroup;
			children = (
				D8C323B11CFCEF8400F06858 /* NotoSans-Bold.ttf */,
				D8C323B21CFCEF8400F06858 /* NotoSans-BoldItalic.ttf */,
				D8C323B31CFCEF8400F06858 /* NotoSans-Italic.ttf */,
				D8C323B41CFCEF8400F06858 /* NotoSans-Regular.ttf */,
			);
			name = Resources;
			sourceTree = "<group>";
		};
		D8C323BB1CFCF40900F06858 /* Util */ = {
			isa = PBXGroup;
			children = (
				D8C323BC1CFCF41A00F06858 /* Constants.swift */,
			);
			name = Util;
			sourceTree = "<group>";
		};
/* End PBXGroup section */

/* Begin PBXNativeTarget section */
		D8C323971CFCEF1F00F06858 /* cuicosocialapp */ = {
			isa = PBXNativeTarget;
			buildConfigurationList = D8C323AA1CFCEF1F00F06858 /* Build configuration list for PBXNativeTarget "cuicosocialapp" */;
			buildPhases = (
				D8C323941CFCEF1F00F06858 /* Sources */,
				D8C323951CFCEF1F00F06858 /* Frameworks */,
				D8C323961CFCEF1F00F06858 /* Resources */,
			);
			buildRules = (
			);
			dependencies = (
			);
			name = cuicosocialapp;
			productName = cuicosocialapp;
			productReference = D8C323981CFCEF1F00F06858 /* cuicosocialapp.app */;
			productType = "com.apple.product-type.application";
		};
/* End PBXNativeTarget section */

/* Begin PBXProject section */
		D8C323901CFCEF1F00F06858 /* Project object */ = {
			isa = PBXProject;
			attributes = {
				LastSwiftUpdateCheck = 0730;
				LastUpgradeCheck = 0730;
				ORGANIZATIONNAME = "Richard Cuico";
				TargetAttributes = {
					D8C323971CFCEF1F00F06858 = {
						CreatedOnToolsVersion = 7.3.1;
					};
				};
			};
			buildConfigurationList = D8C323931CFCEF1F00F06858 /* Build configuration list for PBXProject "cuicosocialapp" */;
			compatibilityVersion = "Xcode 3.2";
			developmentRegion = English;
			hasScannedForEncodings = 0;
			knownRegions = (
				en,
				Base,
			);
			mainGroup = D8C3238F1CFCEF1F00F06858;
			productRefGroup = D8C323991CFCEF1F00F06858 /* Products */;
			projectDirPath = "";
			projectRoot = "";
			targets = (
				D8C323971CFCEF1F00F06858 /* cuicosocialapp */,
			);
		};
/* End PBXProject section */

/* Begin PBXResourcesBuildPhase section */
		D8C323961CFCEF1F00F06858 /* Resources */ = {
			isa = PBXResourcesBuildPhase;
			buildActionMask = 2147483647;
			files = (
				D8C323B51CFCEF8400F06858 /* NotoSans-Bold.ttf in Resources */,
				D8C323A61CFCEF1F00F06858 /* LaunchScreen.storyboard in Resources */,
				D8C323B61CFCEF8400F06858 /* NotoSans-BoldItalic.ttf in Resources */,
				D8C323B71CFCEF8400F06858 /* NotoSans-Italic.ttf in Resources */,
				D8C323A31CFCEF1F00F06858 /* Assets.xcassets in Resources */,
				D8C323A11CFCEF1F00F06858 /* Main.storyboard in Resources */,
				D8C323B81CFCEF8400F06858 /* NotoSans-Regular.ttf in Resources */,
			);
			runOnlyForDeploymentPostprocessing = 0;
		};
/* End PBXResourcesBuildPhase section */

/* Begin PBXSourcesBuildPhase section */
		D8C323941CFCEF1F00F06858 /* Sources */ = {
			isa = PBXSourcesBuildPhase;
			buildActionMask = 2147483647;
			files = (
				D8C323C11CFCFD4100F06858 /* MaterialTextField.swift in Sources */,
				D8C323BA1CFCF37900F06858 /* MaterialView.swift in Sources */,
				D8C3239E1CFCEF1F00F06858 /* ViewController.swift in Sources */,
				D8C3239C1CFCEF1F00F06858 /* AppDelegate.swift in Sources */,
				D8C323BD1CFCF41A00F06858 /* Constants.swift in Sources */,
				D8C323BF1CFCFAED00F06858 /* MaterialButton.swift in Sources */,
			);
			runOnlyForDeploymentPostprocessing = 0;
		};
/* End PBXSourcesBuildPhase section */

/* Begin PBXVariantGroup section */
		D8C3239F1CFCEF1F00F06858 /* Main.storyboard */ = {
			isa = PBXVariantGroup;
			children = (
				D8C323A01CFCEF1F00F06858 /* Base */,
			);
			name = Main.storyboard;
			sourceTree = "<group>";
		};
		D8C323A41CFCEF1F00F06858 /* LaunchScreen.storyboard */ = {
			isa = PBXVariantGroup;
			children = (
				D8C323A51CFCEF1F00F06858 /* Base */,
			);
			name = LaunchScreen.storyboard;
			sourceTree = "<group>";
		};
/* End PBXVariantGroup section */

/* Begin XCBuildConfiguration section */
		D8C323A81CFCEF1F00F06858 /* Debug */ = {
			isa = XCBuildConfiguration;
			buildSettings = {
				ALWAYS_SEARCH_USER_PATHS = NO;
				CLANG_ANALYZER_NONNULL = YES;
				CLANG_CXX_LANGUAGE_STANDARD = "gnu++0x";
				CLANG_CXX_LIBRARY = "libc++";
				CLANG_ENABLE_MODULES = YES;
				CLANG_ENABLE_OBJC_ARC = YES;
				CLANG_WARN_BOOL_CONVERSION = YES;
				CLANG_WARN_CONSTANT_CONVERSION = YES;
				CLANG_WARN_DIRECT_OBJC_ISA_USAGE = YES_ERROR;
				CLANG_WARN_EMPTY_BODY = YES;
				CLANG_WARN_ENUM_CONVERSION = YES;
				CLANG_WARN_INT_CONVERSION = YES;
				CLANG_WARN_OBJC_ROOT_CLASS = YES_ERROR;
				CLANG_WARN_UNREACHABLE_CODE = YES;
				CLANG_WARN__DUPLICATE_METHOD_MATCH = YES;
				"CODE_SIGN_IDENTITY[sdk=iphoneos*]" = "iPhone Developer";
				COPY_PHASE_STRIP = NO;
				DEBUG_INFORMATION_FORMAT = dwarf;
				ENABLE_STRICT_OBJC_MSGSEND = YES;
				ENABLE_TESTABILITY = YES;
				GCC_C_LANGUAGE_STANDARD = gnu99;
				GCC_DYNAMIC_NO_PIC = NO;
				GCC_NO_COMMON_BLOCKS = YES;
				GCC_OPTIMIZATION_LEVEL = 0;
				GCC_PREPROCESSOR_DEFINITIONS = (
					"DEBUG=1",
					"$(inherited)",
				);
				GCC_WARN_64_TO_32_BIT_CONVERSION = YES;
				GCC_WARN_ABOUT_RETURN_TYPE = YES_ERROR;
				GCC_WARN_UNDECLARED_SELECTOR = YES;
				GCC_WARN_UNINITIALIZED_AUTOS = YES_AGGRESSIVE;
				GCC_WARN_UNUSED_FUNCTION = YES;
				GCC_WARN_UNUSED_VARIABLE = YES;
				IPHONEOS_DEPLOYMENT_TARGET = 9.3;
				MTL_ENABLE_DEBUG_INFO = YES;
				ONLY_ACTIVE_ARCH = YES;
				SDKROOT = iphoneos;
				SWIFT_OPTIMIZATION_LEVEL = "-Onone";
				TARGETED_DEVICE_FAMILY = "1,2";
			};
			name = Debug;
		};
		D8C323A91CFCEF1F00F06858 /* Release */ = {
			isa = XCBuildConfiguration;
			buildSettings = {
				ALWAYS_SEARCH_USER_PATHS = NO;
				CLANG_ANALYZER_NONNULL = YES;
				CLANG_CXX_LANGUAGE_STANDARD = "gnu++0x";
				CLANG_CXX_LIBRARY = "libc++";
				CLANG_ENABLE_MODULES = YES;
				CLANG_ENABLE_OBJC_ARC = YES;
				CLANG_WARN_BOOL_CONVERSION = YES;
				CLANG_WARN_CONSTANT_CONVERSION = YES;
				CLANG_WARN_DIRECT_OBJC_ISA_USAGE = YES_ERROR;
				CLANG_WARN_EMPTY_BODY = YES;
				CLANG_WARN_ENUM_CONVERSION = YES;
				CLANG_WARN_INT_CONVERSION = YES;
				CLANG_WARN_OBJC_ROOT_CLASS = YES_ERROR;
				CLANG_WARN_UNREACHABLE_CODE = YES;
				CLANG_WARN__DUPLICATE_METHOD_MATCH = YES;
				"CODE_SIGN_IDENTITY[sdk=iphoneos*]" = "iPhone Developer";
				COPY_PHASE_STRIP = NO;
				DEBUG_INFORMATION_FORMAT = "dwarf-with-dsym";
				ENABLE_NS_ASSERTIONS = NO;
				ENABLE_STRICT_OBJC_MSGSEND = YES;
				GCC_C_LANGUAGE_STANDARD = gnu99;
				GCC_NO_COMMON_BLOCKS = YES;
				GCC_WARN_64_TO_32_BIT_CONVERSION = YES;
				GCC_WARN_ABOUT_RETURN_TYPE = YES_ERROR;
				GCC_WARN_UNDECLARED_SELECTOR = YES;
				GCC_WARN_UNINITIALIZED_AUTOS = YES_AGGRESSIVE;
				GCC_WARN_UNUSED_FUNCTION = YES;
				GCC_WARN_UNUSED_VARIABLE = YES;
				IPHONEOS_DEPLOYMENT_TARGET = 9.3;
				MTL_ENABLE_DEBUG_INFO = NO;
				SDKROOT = iphoneos;
				TARGETED_DEVICE_FAMILY = "1,2";
				VALIDATE_PRODUCT = YES;
			};
			name = Release;
		};
		D8C323AB1CFCEF1F00F06858 /* Debug */ = {
			isa = XCBuildConfiguration;
			buildSettings = {
				ASSETCATALOG_COMPILER_APPICON_NAME = AppIcon;
				INFOPLIST_FILE = cuicosocialapp/Info.plist;
				LD_RUNPATH_SEARCH_PATHS = "$(inherited) @executable_path/Frameworks";
				PRODUCT_BUNDLE_IDENTIFIER = Cuico.cuicosocialapp;
				PRODUCT_NAME = "$(TARGET_NAME)";
			};
			name = Debug;
		};
		D8C323AC1CFCEF1F00F06858 /* Release */ = {
			isa = XCBuildConfiguration;
			buildSettings = {
				ASSETCATALOG_COMPILER_APPICON_NAME = AppIcon;
				INFOPLIST_FILE = cuicosocialapp/Info.plist;
				LD_RUNPATH_SEARCH_PATHS = "$(inherited) @executable_path/Frameworks";
				PRODUCT_BUNDLE_IDENTIFIER = Cuico.cuicosocialapp;
				PRODUCT_NAME = "$(TARGET_NAME)";
			};
			name = Release;
		};
/* End XCBuildConfiguration section */

/* Begin XCConfigurationList section */
		D8C323931CFCEF1F00F06858 /* Build configuration list for PBXProject "cuicosocialapp" */ = {
			isa = XCConfigurationList;
			buildConfigurations = (
				D8C323A81CFCEF1F00F06858 /* Debug */,
				D8C323A91CFCEF1F00F06858 /* Release */,
			);
			defaultConfigurationIsVisible = 0;
			defaultConfigurationName = Release;
		};
		D8C323AA1CFCEF1F00F06858 /* Build configuration list for PBXNativeTarget "cuicosocialapp" */ = {
			isa = XCConfigurationList;
			buildConfigurations = (
				D8C323AB1CFCEF1F00F06858 /* Debug */,
				D8C323AC1CFCEF1F00F06858 /* Release */,
			);
			defaultConfigurationIsVisible = 0;
		};
/* End XCConfigurationList section */
	};
	rootObject = D8C323901CFCEF1F00F06858 /* Project object */;
}
